// !$*UTF8*$!
{
	archiveVersion = 1;
	classes = {
	};
	objectVersion = 56;
	objects = {

/* Begin PBXBuildFile section */
		5F0009F12C9A8832001DBF02 /* RemindersView.swift in Sources */ = {isa = PBXBuildFile; fileRef = 5F0009F02C9A8831001DBF02 /* RemindersView.swift */; };
		5F1B259A2C93E0B9006352E7 /* RewardsView.swift in Sources */ = {isa = PBXBuildFile; fileRef = 5F1B25992C93E0B9006352E7 /* RewardsView.swift */; };
		5FAB57FF2C90007300FAF377 /* Home2View.swift in Sources */ = {isa = PBXBuildFile; fileRef = 5FAB57FE2C90007300FAF377 /* Home2View.swift */; };
		5FD5C5E72C7C460E00E844AF /* AIView.swift in Sources */ = {isa = PBXBuildFile; fileRef = 5FD5C5E62C7C460E00E844AF /* AIView.swift */; };
		5FF3A9F42C75918A00B8B96D /* innoscienceApp.swift in Sources */ = {isa = PBXBuildFile; fileRef = 5FF3A9F32C75918A00B8B96D /* innoscienceApp.swift */; };
		5FF3A9F62C75918A00B8B96D /* ContentView.swift in Sources */ = {isa = PBXBuildFile; fileRef = 5FF3A9F52C75918A00B8B96D /* ContentView.swift */; };
		5FF3A9F82C75918D00B8B96D /* Assets.xcassets in Resources */ = {isa = PBXBuildFile; fileRef = 5FF3A9F72C75918D00B8B96D /* Assets.xcassets */; };
		5FF3A9FB2C75918D00B8B96D /* Preview Assets.xcassets in Resources */ = {isa = PBXBuildFile; fileRef = 5FF3A9FA2C75918D00B8B96D /* Preview Assets.xcassets */; };
/* End PBXBuildFile section */

/* Begin PBXFileReference section */
		5F0009F02C9A8831001DBF02 /* RemindersView.swift */ = {isa = PBXFileReference; lastKnownFileType = sourcecode.swift; path = RemindersView.swift; sourceTree = "<group>"; };
		5F1B25992C93E0B9006352E7 /* RewardsView.swift */ = {isa = PBXFileReference; lastKnownFileType = sourcecode.swift; path = RewardsView.swift; sourceTree = "<group>"; };
		5FAB57FE2C90007300FAF377 /* Home2View.swift */ = {isa = PBXFileReference; lastKnownFileType = sourcecode.swift; path = Home2View.swift; sourceTree = "<group>"; };
		5FD5C5E62C7C460E00E844AF /* AIView.swift */ = {isa = PBXFileReference; lastKnownFileType = sourcecode.swift; path = AIView.swift; sourceTree = "<group>"; };
		5FF3A9F02C75918A00B8B96D /* innoscience.app */ = {isa = PBXFileReference; explicitFileType = wrapper.application; includeInIndex = 0; path = innoscience.app; sourceTree = BUILT_PRODUCTS_DIR; };
		5FF3A9F32C75918A00B8B96D /* innoscienceApp.swift */ = {isa = PBXFileReference; lastKnownFileType = sourcecode.swift; path = innoscienceApp.swift; sourceTree = "<group>"; };
		5FF3A9F52C75918A00B8B96D /* ContentView.swift */ = {isa = PBXFileReference; lastKnownFileType = sourcecode.swift; path = ContentView.swift; sourceTree = "<group>"; };
		5FF3A9F72C75918D00B8B96D /* Assets.xcassets */ = {isa = PBXFileReference; lastKnownFileType = folder.assetcatalog; path = Assets.xcassets; sourceTree = "<group>"; };
		5FF3A9FA2C75918D00B8B96D /* Preview Assets.xcassets */ = {isa = PBXFileReference; lastKnownFileType = folder.assetcatalog; path = "Preview Assets.xcassets"; sourceTree = "<group>"; };
/* End PBXFileReference section */

/* Begin PBXFrameworksBuildPhase section */
		5FF3A9ED2C75918A00B8B96D /* Frameworks */ = {
			isa = PBXFrameworksBuildPhase;
			buildActionMask = 2147483647;
			files = (
			);
			runOnlyForDeploymentPostprocessing = 0;
		};
/* End PBXFrameworksBuildPhase section */

/* Begin PBXGroup section */
		5FF3A9E72C75918A00B8B96D = {
			isa = PBXGroup;
			children = (
				5FF3A9F22C75918A00B8B96D /* innoscience */,
				5FF3A9F12C75918A00B8B96D /* Products */,
			);
			sourceTree = "<group>";
		};
		5FF3A9F12C75918A00B8B96D /* Products */ = {
			isa = PBXGroup;
			children = (
				5FF3A9F02C75918A00B8B96D /* innoscience.app */,
			);
			name = Products;
			sourceTree = "<group>";
		};
		5FF3A9F22C75918A00B8B96D /* innoscience */ = {
			isa = PBXGroup;
			children = (
				5F0009F02C9A8831001DBF02 /* RemindersView.swift */,
				5FF3A9F32C75918A00B8B96D /* innoscienceApp.swift */,
				5FF3A9F52C75918A00B8B96D /* ContentView.swift */,
				5FAB57FE2C90007300FAF377 /* Home2View.swift */,
				5F1B25992C93E0B9006352E7 /* RewardsView.swift */,
				5FD5C5E62C7C460E00E844AF /* AIView.swift */,
				5FF3A9F72C75918D00B8B96D /* Assets.xcassets */,
				5FF3A9F92C75918D00B8B96D /* Preview Content */,
			);
			path = innoscience;
			sourceTree = "<group>";
		};
		5FF3A9F92C75918D00B8B96D /* Preview Content */ = {
			isa = PBXGroup;
			children = (
				5FF3A9FA2C75918D00B8B96D /* Preview Assets.xcassets */,
			);
			path = "Preview Content";
			sourceTree = "<group>";
		};
/* End PBXGroup section */

/* Begin PBXNativeTarget section */
		5FF3A9EF2C75918A00B8B96D /* innoscience */ = {
			isa = PBXNativeTarget;
			buildConfigurationList = 5FF3A9FE2C75918D00B8B96D /* Build configuration list for PBXNativeTarget "innoscience" */;
			buildPhases = (
				5FF3A9EC2C75918A00B8B96D /* Sources */,
				5FF3A9ED2C75918A00B8B96D /* Frameworks */,
				5FF3A9EE2C75918A00B8B96D /* Resources */,
			);
			buildRules = (
			);
			dependencies = (
			);
			name = innoscience;
			productName = innoscience;
			productReference = 5FF3A9F02C75918A00B8B96D /* innoscience.app */;
			productType = "com.apple.product-type.application";
		};
/* End PBXNativeTarget section */

/* Begin PBXProject section */
		5FF3A9E82C75918A00B8B96D /* Project object */ = {
			isa = PBXProject;
			attributes = {
				BuildIndependentTargetsInParallel = 1;
				LastSwiftUpdateCheck = 1540;
				LastUpgradeCheck = 1540;
				TargetAttributes = {
					5FF3A9EF2C75918A00B8B96D = {
						CreatedOnToolsVersion = 15.4;
					};
				};
			};
			buildConfigurationList = 5FF3A9EB2C75918A00B8B96D /* Build configuration list for PBXProject "innoscience" */;
			compatibilityVersion = "Xcode 14.0";
			developmentRegion = en;
			hasScannedForEncodings = 0;
			knownRegions = (
				en,
				Base,
			);
			mainGroup = 5FF3A9E72C75918A00B8B96D;
			productRefGroup = 5FF3A9F12C75918A00B8B96D /* Products */;
			projectDirPath = "";
			projectRoot = "";
			targets = (
				5FF3A9EF2C75918A00B8B96D /* innoscience */,
			);
		};
/* End PBXProject section */

/* Begin PBXResourcesBuildPhase section */
		5FF3A9EE2C75918A00B8B96D /* Resources */ = {
			isa = PBXResourcesBuildPhase;
			buildActionMask = 2147483647;
			files = (
				5FF3A9FB2C75918D00B8B96D /* Preview Assets.xcassets in Resources */,
				5FF3A9F82C75918D00B8B96D /* Assets.xcassets in Resources */,
			);
			runOnlyForDeploymentPostprocessing = 0;
		};
/* End PBXResourcesBuildPhase section */

/* Begin PBXSourcesBuildPhase section */
		5FF3A9EC2C75918A00B8B96D /* Sources */ = {
			isa = PBXSourcesBuildPhase;
			buildActionMask = 2147483647;
			files = (
				5F0009F12C9A8832001DBF02 /* RemindersView.swift in Sources */,
				5FAB57FF2C90007300FAF377 /* Home2View.swift in Sources */,
				5F1B259A2C93E0B9006352E7 /* RewardsView.swift in Sources */,
				5FF3A9F62C75918A00B8B96D /* ContentView.swift in Sources */,
				5FD5C5E72C7C460E00E844AF /* AIView.swift in Sources */,
				5FF3A9F42C75918A00B8B96D /* innoscienceApp.swift in Sources */,
			);
			runOnlyForDeploymentPostprocessing = 0;
		};
/* End PBXSourcesBuildPhase section */

/* Begin XCBuildConfiguration section */
		5FF3A9FC2C75918D00B8B96D /* Debug */ = {
			isa = XCBuildConfiguration;
			buildSettings = {
				ALWAYS_SEARCH_USER_PATHS = NO;
				ASSETCATALOG_COMPILER_GENERATE_SWIFT_ASSET_SYMBOL_EXTENSIONS = YES;
				CLANG_ANALYZER_NONNULL = YES;
				CLANG_ANALYZER_NUMBER_OBJECT_CONVERSION = YES_AGGRESSIVE;
				CLANG_CXX_LANGUAGE_STANDARD = "gnu++20";
				CLANG_ENABLE_MODULES = YES;
				CLANG_ENABLE_OBJC_ARC = YES;
				CLANG_ENABLE_OBJC_WEAK = YES;
				CLANG_WARN_BLOCK_CAPTURE_AUTORELEASING = YES;
				CLANG_WARN_BOOL_CONVERSION = YES;
				CLANG_WARN_COMMA = YES;
				CLANG_WARN_CONSTANT_CONVERSION = YES;
				CLANG_WARN_DEPRECATED_OBJC_IMPLEMENTATIONS = YES;
				CLANG_WARN_DIRECT_OBJC_ISA_USAGE = YES_ERROR;
				CLANG_WARN_DOCUMENTATION_COMMENTS = YES;
				CLANG_WARN_EMPTY_BODY = YES;
				CLANG_WARN_ENUM_CONVERSION = YES;
				CLANG_WARN_INFINITE_RECURSION = YES;
				CLANG_WARN_INT_CONVERSION = YES;
				CLANG_WARN_NON_LITERAL_NULL_CONVERSION = YES;
				CLANG_WARN_OBJC_IMPLICIT_RETAIN_SELF = YES;
				CLANG_WARN_OBJC_LITERAL_CONVERSION = YES;
				CLANG_WARN_OBJC_ROOT_CLASS = YES_ERROR;
				CLANG_WARN_QUOTED_INCLUDE_IN_FRAMEWORK_HEADER = YES;
				CLANG_WARN_RANGE_LOOP_ANALYSIS = YES;
				CLANG_WARN_STRICT_PROTOTYPES = YES;
				CLANG_WARN_SUSPICIOUS_MOVE = YES;
				CLANG_WARN_UNGUARDED_AVAILABILITY = YES_AGGRESSIVE;
				CLANG_WARN_UNREACHABLE_CODE = YES;
				CLANG_WARN__DUPLICATE_METHOD_MATCH = YES;
				COPY_PHASE_STRIP = NO;
				DEBUG_INFORMATION_FORMAT = dwarf;
				ENABLE_STRICT_OBJC_MSGSEND = YES;
				ENABLE_TESTABILITY = YES;
				ENABLE_USER_SCRIPT_SANDBOXING = YES;
				GCC_C_LANGUAGE_STANDARD = gnu17;
				GCC_DYNAMIC_NO_PIC = NO;
				GCC_NO_COMMON_BLOCKS = YES;
				GCC_OPTIMIZATION_LEVEL = 0;
				GCC_PREPROCESSOR_DEFINITIONS = (
					"DEBUG=1",
					"$(inherited)",
				);
				GCC_WARN_64_TO_32_BIT_CONVERSION = YES;
				GCC_WARN_ABOUT_RETURN_TYPE = YES_ERROR;
				GCC_WARN_UNDECLARED_SELECTOR = YES;
				GCC_WARN_UNINITIALIZED_AUTOS = YES_AGGRESSIVE;
				GCC_WARN_UNUSED_FUNCTION = YES;
				GCC_WARN_UNUSED_VARIABLE = YES;
				IPHONEOS_DEPLOYMENT_TARGET = 17.5;
				LOCALIZATION_PREFERS_STRING_CATALOGS = YES;
				MTL_ENABLE_DEBUG_INFO = INCLUDE_SOURCE;
				MTL_FAST_MATH = YES;
				ONLY_ACTIVE_ARCH = YES;
				SDKROOT = iphoneos;
				SWIFT_ACTIVE_COMPILATION_CONDITIONS = "DEBUG $(inherited)";
				SWIFT_OPTIMIZATION_LEVEL = "-Onone";
			};
			name = Debug;
		};
		5FF3A9FD2C75918D00B8B96D /* Release */ = {
			isa = XCBuildConfiguration;
			buildSettings = {
				ALWAYS_SEARCH_USER_PATHS = NO;
				ASSETCATALOG_COMPILER_GENERATE_SWIFT_ASSET_SYMBOL_EXTENSIONS = YES;
				CLANG_ANALYZER_NONNULL = YES;
				CLANG_ANALYZER_NUMBER_OBJECT_CONVERSION = YES_AGGRESSIVE;
				CLANG_CXX_LANGUAGE_STANDARD = "gnu++20";
				CLANG_ENABLE_MODULES = YES;
				CLANG_ENABLE_OBJC_ARC = YES;
				CLANG_ENABLE_OBJC_WEAK = YES;
				CLANG_WARN_BLOCK_CAPTURE_AUTORELEASING = YES;
				CLANG_WARN_BOOL_CONVERSION = YES;
				CLANG_WARN_COMMA = YES;
				CLANG_WARN_CONSTANT_CONVERSION = YES;
				CLANG_WARN_DEPRECATED_OBJC_IMPLEMENTATIONS = YES;
				CLANG_WARN_DIRECT_OBJC_ISA_USAGE = YES_ERROR;
				CLANG_WARN_DOCUMENTATION_COMMENTS = YES;
				CLANG_WARN_EMPTY_BODY = YES;
				CLANG_WARN_ENUM_CONVERSION = YES;
				CLANG_WARN_INFINITE_RECURSION = YES;
				CLANG_WARN_INT_CONVERSION = YES;
				CLANG_WARN_NON_LITERAL_NULL_CONVERSION = YES;
				CLANG_WARN_OBJC_IMPLICIT_RETAIN_SELF = YES;
				CLANG_WARN_OBJC_LITERAL_CONVERSION = YES;
				CLANG_WARN_OBJC_ROOT_CLASS = YES_ERROR;
				CLANG_WARN_QUOTED_INCLUDE_IN_FRAMEWORK_HEADER = YES;
				CLANG_WARN_RANGE_LOOP_ANALYSIS = YES;
				CLANG_WARN_STRICT_PROTOTYPES = YES;
				CLANG_WARN_SUSPICIOUS_MOVE = YES;
				CLANG_WARN_UNGUARDED_AVAILABILITY = YES_AGGRESSIVE;
				CLANG_WARN_UNREACHABLE_CODE = YES;
				CLANG_WARN__DUPLICATE_METHOD_MATCH = YES;
				COPY_PHASE_STRIP = NO;
				DEBUG_INFORMATION_FORMAT = "dwarf-with-dsym";
				ENABLE_NS_ASSERTIONS = NO;
				ENABLE_STRICT_OBJC_MSGSEND = YES;
				ENABLE_USER_SCRIPT_SANDBOXING = YES;
				GCC_C_LANGUAGE_STANDARD = gnu17;
				GCC_NO_COMMON_BLOCKS = YES;
				GCC_WARN_64_TO_32_BIT_CONVERSION = YES;
				GCC_WARN_ABOUT_RETURN_TYPE = YES_ERROR;
				GCC_WARN_UNDECLARED_SELECTOR = YES;
				GCC_WARN_UNINITIALIZED_AUTOS = YES_AGGRESSIVE;
				GCC_WARN_UNUSED_FUNCTION = YES;
				GCC_WARN_UNUSED_VARIABLE = YES;
				IPHONEOS_DEPLOYMENT_TARGET = 17.5;
				LOCALIZATION_PREFERS_STRING_CATALOGS = YES;
				MTL_ENABLE_DEBUG_INFO = NO;
				MTL_FAST_MATH = YES;
				SDKROOT = iphoneos;
				SWIFT_COMPILATION_MODE = wholemodule;
				VALIDATE_PRODUCT = YES;
			};
			name = Release;
		};
		5FF3A9FF2C75918D00B8B96D /* Debug */ = {
			isa = XCBuildConfiguration;
			buildSettings = {
				ASSETCATALOG_COMPILER_APPICON_NAME = AppIcon;
				ASSETCATALOG_COMPILER_GLOBAL_ACCENT_COLOR_NAME = accentGreen;
				CODE_SIGN_STYLE = Automatic;
				CURRENT_PROJECT_VERSION = 1;
				DEVELOPMENT_ASSET_PATHS = "\"innoscience/Preview Content\"";
				ENABLE_PREVIEWS = YES;
				GENERATE_INFOPLIST_FILE = YES;
				INFOPLIST_KEY_UIApplicationSceneManifest_Generation = YES;
				INFOPLIST_KEY_UIApplicationSupportsIndirectInputEvents = YES;
				INFOPLIST_KEY_UILaunchScreen_Generation = YES;
				INFOPLIST_KEY_UISupportedInterfaceOrientations_iPad = "UIInterfaceOrientationPortrait UIInterfaceOrientationPortraitUpsideDown UIInterfaceOrientationLandscapeLeft UIInterfaceOrientationLandscapeRight";
				INFOPLIST_KEY_UISupportedInterfaceOrientations_iPhone = "UIInterfaceOrientationPortrait UIInterfaceOrientationLandscapeLeft UIInterfaceOrientationLandscapeRight";
				LD_RUNPATH_SEARCH_PATHS = (
					"$(inherited)",
					"@executable_path/Frameworks",
				);
				MARKETING_VERSION = 1.0;
				PRODUCT_BUNDLE_IDENTIFIER = "VijayaganathyPavithraa-sg.innoscience";
				PRODUCT_NAME = "$(TARGET_NAME)";
				SWIFT_EMIT_LOC_STRINGS = YES;
				SWIFT_VERSION = 5.0;
				TARGETED_DEVICE_FAMILY = "1,2";
			};
			name = Debug;
		};
		5FF3AA002C75918D00B8B96D /* Release */ = {
			isa = XCBuildConfiguration;
			buildSettings = {
				ASSETCATALOG_COMPILER_APPICON_NAME = AppIcon;
				ASSETCATALOG_COMPILER_GLOBAL_ACCENT_COLOR_NAME = accentGreen;
				CODE_SIGN_STYLE = Automatic;
				CURRENT_PROJECT_VERSION = 1;
				DEVELOPMENT_ASSET_PATHS = "\"innoscience/Preview Content\"";
				ENABLE_PREVIEWS = YES;
				GENERATE_INFOPLIST_FILE = YES;
				INFOPLIST_KEY_UIApplicationSceneManifest_Generation = YES;
				INFOPLIST_KEY_UIApplicationSupportsIndirectInputEvents = YES;
				INFOPLIST_KEY_UILaunchScreen_Generation = YES;
				INFOPLIST_KEY_UISupportedInterfaceOrientations_iPad = "UIInterfaceOrientationPortrait UIInterfaceOrientationPortraitUpsideDown UIInterfaceOrientationLandscapeLeft UIInterfaceOrientationLandscapeRight";
				INFOPLIST_KEY_UISupportedInterfaceOrientations_iPhone = "UIInterfaceOrientationPortrait UIInterfaceOrientationLandscapeLeft UIInterfaceOrientationLandscapeRight";
				LD_RUNPATH_SEARCH_PATHS = (
					"$(inherited)",
					"@executable_path/Frameworks",
				);
				MARKETING_VERSION = 1.0;
				PRODUCT_BUNDLE_IDENTIFIER = "VijayaganathyPavithraa-sg.innoscience";
				PRODUCT_NAME = "$(TARGET_NAME)";
				SWIFT_EMIT_LOC_STRINGS = YES;
				SWIFT_VERSION = 5.0;
				TARGETED_DEVICE_FAMILY = "1,2";
			};
			name = Release;
		};
/* End XCBuildConfiguration section */

/* Begin XCConfigurationList section */
		5FF3A9EB2C75918A00B8B96D /* Build configuration list for PBXProject "innoscience" */ = {
			isa = XCConfigurationList;
			buildConfigurations = (
				5FF3A9FC2C75918D00B8B96D /* Debug */,
				5FF3A9FD2C75918D00B8B96D /* Release */,
			);
			defaultConfigurationIsVisible = 0;
			defaultConfigurationName = Release;
		};
		5FF3A9FE2C75918D00B8B96D /* Build configuration list for PBXNativeTarget "innoscience" */ = {
			isa = XCConfigurationList;
			buildConfigurations = (
				5FF3A9FF2C75918D00B8B96D /* Debug */,
				5FF3AA002C75918D00B8B96D /* Release */,
			);
			defaultConfigurationIsVisible = 0;
			defaultConfigurationName = Release;
		};
/* End XCConfigurationList section */
	};
	rootObject = 5FF3A9E82C75918A00B8B96D /* Project object */;
}
